# THIS IS AN AUTOGENERATED FILE. DO NOT EDIT THIS FILE DIRECTLY.
# yarn lockfile v1


base32.js@^0.1.0:
  version "0.1.0"
  resolved "https://registry.yarnpkg.com/base32.js/-/base32.js-0.1.0.tgz#b582dec693c2f11e893cf064ee6ac5b6131a2202"
  integrity sha512-n3TkB02ixgBOhTvANakDb4xaMXnYUVkNoRFJjQflcqMQhyEKxEHdj3E6N8t8sUQ0mjH/3/JxzlXuz3ul/J90pQ==

xmldom@^0.6.0:
  version "0.6.0"
  resolved "https://registry.yarnpkg.com/xmldom/-/xmldom-0.6.0.tgz#43a96ecb8beece991cef382c08397d82d4d0c46f"
  integrity sha512-iAcin401y58LckRZ0TkI4k0VSM1Qg0KGSc3i8rU+xrxe19A/BN1zHyVSJY7uoutVlaTSzYyk/v5AmkewAP7jtg==
